
Microsoft Visual Studio Solution File, Format Version 12.00
# Visual Studio 15
VisualStudioVersion = 15.0.28307.645
MinimumVisualStudioVersion = 10.0.40219.1
Project("{FAE04EC0-301F-11D3-BF4B-00C04F79EFBC}") = "ECommerceAPI", "ECommerceAPI\ECommerceAPI.csproj", "{CF7B001B-70B7-4A95-AFA8-0781AEAB018A}"
EndProject
Global
	GlobalSection(SolutionConfigurationPlatforms) = preSolution
		Debug|Any CPU = Debug|Any CPU
		Release|Any CPU = Release|Any CPU
	EndGlobalSection
	GlobalSection(ProjectConfigurationPlatforms) = postSolution
		{CF7B001B-70B7-4A95-AFA8-0781AEAB018A}.Debug|Any CPU.ActiveCfg = Debug|Any CPU
		{CF7B001B-70B7-4A95-AFA8-0781AEAB018A}.Debug|Any CPU.Build.0 = Debug|Any CPU
		{CF7B001B-70B7-4A95-AFA8-0781AEAB018A}.Release|Any CPU.ActiveCfg = Release|Any CPU
		{CF7B001B-70B7-4A95-AFA8-0781AEAB018A}.Release|Any CPU.Build.0 = Release|Any CPU
	EndGlobalSection
	GlobalSection(SolutionProperties) = preSolution
		HideSolutionNode = FALSE
	EndGlobalSection
	GlobalSection(ExtensibilityGlobals) = postSolution
		SolutionGuid = {796DBCBE-EC02-4A8F-AD19-03271807D369}
	EndGlobalSection
EndGlobal
